
Microsoft Visual Studio Solution File, Format Version 12.00
# Visual Studio Version 17
VisualStudioVersion = 17.8.34322.80
MinimumVisualStudioVersion = 10.0.40219.1
Project("{9A19103F-16F7-4668-BE54-9A1E7A4F7556}") = "PayXpert", "PayXpert\PayXpert.csproj", "{D79D2B6F-2B37-4A18-9F2C-89C96CA00441}"
EndProject
Project("{FAE04EC0-301F-11D3-BF4B-00C04F79EFBC}") = "PayXpert.Test", "PayXpert.Test\PayXpert.Test.csproj", "{E7D7F827-1027-4499-B73F-6AC1764BB3F9}"
EndProject
Global
	GlobalSection(SolutionConfigurationPlatforms) = preSolution
		Debug|Any CPU = Debug|Any CPU
		Release|Any CPU = Release|Any CPU
	EndGlobalSection
	GlobalSection(ProjectConfigurationPlatforms) = postSolution
		{D79D2B6F-2B37-4A18-9F2C-89C96CA00441}.Debug|Any CPU.ActiveCfg = Debug|Any CPU
		{D79D2B6F-2B37-4A18-9F2C-89C96CA00441}.Debug|Any CPU.Build.0 = Debug|Any CPU
		{D79D2B6F-2B37-4A18-9F2C-89C96CA00441}.Release|Any CPU.ActiveCfg = Release|Any CPU
		{D79D2B6F-2B37-4A18-9F2C-89C96CA00441}.Release|Any CPU.Build.0 = Release|Any CPU
		{E7D7F827-1027-4499-B73F-6AC1764BB3F9}.Debug|Any CPU.ActiveCfg = Debug|Any CPU
		{E7D7F827-1027-4499-B73F-6AC1764BB3F9}.Debug|Any CPU.Build.0 = Debug|Any CPU
		{E7D7F827-1027-4499-B73F-6AC1764BB3F9}.Release|Any CPU.ActiveCfg = Release|Any CPU
		{E7D7F827-1027-4499-B73F-6AC1764BB3F9}.Release|Any CPU.Build.0 = Release|Any CPU
	EndGlobalSection
	GlobalSection(SolutionProperties) = preSolution
		HideSolutionNode = FALSE
	EndGlobalSection
	GlobalSection(ExtensibilityGlobals) = postSolution
		SolutionGuid = {E8AB6249-AE0A-43F3-AA55-7651B3090624}
	EndGlobalSection
EndGlobal
